
Microsoft Visual Studio Solution File, Format Version 12.00
# Visual Studio Version 17
VisualStudioVersion = 17.14.36327.8
MinimumVisualStudioVersion = 10.0.40219.1
Project("{FAE04EC0-301F-11D3-BF4B-00C04F79EFBC}") = "ProgrammersToolKit", "ProgrammersToolKit\ProgrammersToolKit.csproj", "{EC16ADBF-F59D-4216-BDD1-21DE18BE2479}"
EndProject
Project("{FAE04EC0-301F-11D3-BF4B-00C04F79EFBC}") = "Data", "Data\Data.csproj", "{AE8E2E54-CA0B-F6F5-0102-F79722AD1421}"
EndProject
Project("{FAE04EC0-301F-11D3-BF4B-00C04F79EFBC}") = "Services", "Services\Services.csproj", "{97207750-6972-232F-BB7B-6106666106AF}"
EndProject
Project("{FAE04EC0-301F-11D3-BF4B-00C04F79EFBC}") = "ProgrammersToolKit.Models", "ProgrammersToolKit.Models\ProgrammersToolKit.Models.csproj", "{BB5D0105-CDDD-4F23-98D4-AE2902431B8F}"
EndProject
Project("{FAE04EC0-301F-11D3-BF4B-00C04F79EFBC}") = "Core", "Core\Core.csproj", "{C4B2E3F1-B9A8-4D2E-8F5A-1234567890AB}"
EndProject
Global
	GlobalSection(SolutionConfigurationPlatforms) = preSolution
		Debug|Any CPU = Debug|Any CPU
		Release|Any CPU = Release|Any CPU
	EndGlobalSection
	GlobalSection(ProjectConfigurationPlatforms) = postSolution
		{EC16ADBF-F59D-4216-BDD1-21DE18BE2479}.Debug|Any CPU.ActiveCfg = Debug|Any CPU
		{EC16ADBF-F59D-4216-BDD1-21DE18BE2479}.Debug|Any CPU.Build.0 = Debug|Any CPU
		{EC16ADBF-F59D-4216-BDD1-21DE18BE2479}.Release|Any CPU.ActiveCfg = Release|Any CPU
		{EC16ADBF-F59D-4216-BDD1-21DE18BE2479}.Release|Any CPU.Build.0 = Release|Any CPU
		{AE8E2E54-CA0B-F6F5-0102-F79722AD1421}.Debug|Any CPU.ActiveCfg = Debug|Any CPU
		{AE8E2E54-CA0B-F6F5-0102-F79722AD1421}.Debug|Any CPU.Build.0 = Debug|Any CPU
		{AE8E2E54-CA0B-F6F5-0102-F79722AD1421}.Release|Any CPU.ActiveCfg = Release|Any CPU
		{AE8E2E54-CA0B-F6F5-0102-F79722AD1421}.Release|Any CPU.Build.0 = Release|Any CPU
		{97207750-6972-232F-BB7B-6106666106AF}.Debug|Any CPU.ActiveCfg = Debug|Any CPU
		{97207750-6972-232F-BB7B-6106666106AF}.Debug|Any CPU.Build.0 = Debug|Any CPU
		{97207750-6972-232F-BB7B-6106666106AF}.Release|Any CPU.ActiveCfg = Release|Any CPU
		{97207750-6972-232F-BB7B-6106666106AF}.Release|Any CPU.Build.0 = Release|Any CPU
		{BB5D0105-CDDD-4F23-98D4-AE2902431B8F}.Debug|Any CPU.ActiveCfg = Debug|Any CPU
		{BB5D0105-CDDD-4F23-98D4-AE2902431B8F}.Debug|Any CPU.Build.0 = Debug|Any CPU
		{BB5D0105-CDDD-4F23-98D4-AE2902431B8F}.Release|Any CPU.ActiveCfg = Release|Any CPU
		{BB5D0105-CDDD-4F23-98D4-AE2902431B8F}.Release|Any CPU.Build.0 = Release|Any CPU
		{C4B2E3F1-B9A8-4D2E-8F5A-1234567890AB}.Debug|Any CPU.ActiveCfg = Debug|Any CPU
		{C4B2E3F1-B9A8-4D2E-8F5A-1234567890AB}.Debug|Any CPU.Build.0 = Debug|Any CPU
		{C4B2E3F1-B9A8-4D2E-8F5A-1234567890AB}.Release|Any CPU.ActiveCfg = Release|Any CPU
		{C4B2E3F1-B9A8-4D2E-8F5A-1234567890AB}.Release|Any CPU.Build.0 = Release|Any CPU
	EndGlobalSection
	GlobalSection(SolutionProperties) = preSolution
		HideSolutionNode = FALSE
	EndGlobalSection
	GlobalSection(ExtensibilityGlobals) = postSolution
		SolutionGuid = {DB01EE9D-2753-4D47-B33A-EC9F77B5189C}
	EndGlobalSection
EndGlobal
