
Microsoft Visual Studio Solution File, Format Version 12.00
# Visual Studio Version 17
VisualStudioVersion = 17.14.36327.8
MinimumVisualStudioVersion = 10.0.40219.1
Project("{FAE04EC0-301F-11D3-BF4B-00C04F79EFBC}") = "ProgrammersToolKit", "ProgrammersToolKit\ProgrammersToolKit.csproj", "{EC16ADBF-F59D-4216-BDD1-21DE18BE2479}"
EndProject
Project("{FAE04EC0-301F-11D3-BF4B-00C04F79EFBC}") = "Data", "Data2\Data.csproj", "{7B77D617-FD05-4C6F-A00F-D90A759CCEBA}"
EndProject
Project("{FAE04EC0-301F-11D3-BF4B-00C04F79EFBC}") = "Services", "Services2\Services.csproj", "{33087363-BE46-44B4-9374-A37569CFA678}"
EndProject
Global
	GlobalSection(SolutionConfigurationPlatforms) = preSolution
		Debug|ARM64 = Debug|ARM64
		Debug|x64 = Debug|x64
		Debug|x86 = Debug|x86
		Release|ARM64 = Release|ARM64
		Release|x64 = Release|x64
		Release|x86 = Release|x86
	EndGlobalSection
	GlobalSection(ProjectConfigurationPlatforms) = postSolution
		{EC16ADBF-F59D-4216-BDD1-21DE18BE2479}.Debug|ARM64.ActiveCfg = Debug|ARM64
		{EC16ADBF-F59D-4216-BDD1-21DE18BE2479}.Debug|ARM64.Build.0 = Debug|ARM64
		{EC16ADBF-F59D-4216-BDD1-21DE18BE2479}.Debug|ARM64.Deploy.0 = Debug|ARM64
		{EC16ADBF-F59D-4216-BDD1-21DE18BE2479}.Debug|x64.ActiveCfg = Debug|x64
		{EC16ADBF-F59D-4216-BDD1-21DE18BE2479}.Debug|x64.Build.0 = Debug|x64
		{EC16ADBF-F59D-4216-BDD1-21DE18BE2479}.Debug|x64.Deploy.0 = Debug|x64
		{EC16ADBF-F59D-4216-BDD1-21DE18BE2479}.Debug|x86.ActiveCfg = Debug|x86
		{EC16ADBF-F59D-4216-BDD1-21DE18BE2479}.Debug|x86.Build.0 = Debug|x86
		{EC16ADBF-F59D-4216-BDD1-21DE18BE2479}.Debug|x86.Deploy.0 = Debug|x86
		{EC16ADBF-F59D-4216-BDD1-21DE18BE2479}.Release|ARM64.ActiveCfg = Release|ARM64
		{EC16ADBF-F59D-4216-BDD1-21DE18BE2479}.Release|ARM64.Build.0 = Release|ARM64
		{EC16ADBF-F59D-4216-BDD1-21DE18BE2479}.Release|ARM64.Deploy.0 = Release|ARM64
		{EC16ADBF-F59D-4216-BDD1-21DE18BE2479}.Release|x64.ActiveCfg = Release|x64
		{EC16ADBF-F59D-4216-BDD1-21DE18BE2479}.Release|x64.Build.0 = Release|x64
		{EC16ADBF-F59D-4216-BDD1-21DE18BE2479}.Release|x64.Deploy.0 = Release|x64
		{EC16ADBF-F59D-4216-BDD1-21DE18BE2479}.Release|x86.ActiveCfg = Release|x86
		{EC16ADBF-F59D-4216-BDD1-21DE18BE2479}.Release|x86.Build.0 = Release|x86
		{EC16ADBF-F59D-4216-BDD1-21DE18BE2479}.Release|x86.Deploy.0 = Release|x86
		{7B77D617-FD05-4C6F-A00F-D90A759CCEBA}.Debug|ARM64.ActiveCfg = Debug|Any CPU
		{7B77D617-FD05-4C6F-A00F-D90A759CCEBA}.Debug|ARM64.Build.0 = Debug|Any CPU
		{7B77D617-FD05-4C6F-A00F-D90A759CCEBA}.Debug|x64.ActiveCfg = Debug|Any CPU
		{7B77D617-FD05-4C6F-A00F-D90A759CCEBA}.Debug|x64.Build.0 = Debug|Any CPU
		{7B77D617-FD05-4C6F-A00F-D90A759CCEBA}.Debug|x86.ActiveCfg = Debug|Any CPU
		{7B77D617-FD05-4C6F-A00F-D90A759CCEBA}.Debug|x86.Build.0 = Debug|Any CPU
		{7B77D617-FD05-4C6F-A00F-D90A759CCEBA}.Release|ARM64.ActiveCfg = Release|Any CPU
		{7B77D617-FD05-4C6F-A00F-D90A759CCEBA}.Release|ARM64.Build.0 = Release|Any CPU
		{7B77D617-FD05-4C6F-A00F-D90A759CCEBA}.Release|x64.ActiveCfg = Release|Any CPU
		{7B77D617-FD05-4C6F-A00F-D90A759CCEBA}.Release|x64.Build.0 = Release|Any CPU
		{7B77D617-FD05-4C6F-A00F-D90A759CCEBA}.Release|x86.ActiveCfg = Release|Any CPU
		{7B77D617-FD05-4C6F-A00F-D90A759CCEBA}.Release|x86.Build.0 = Release|Any CPU
		{33087363-BE46-44B4-9374-A37569CFA678}.Debug|ARM64.ActiveCfg = Debug|Any CPU
		{33087363-BE46-44B4-9374-A37569CFA678}.Debug|ARM64.Build.0 = Debug|Any CPU
		{33087363-BE46-44B4-9374-A37569CFA678}.Debug|x64.ActiveCfg = Debug|Any CPU
		{33087363-BE46-44B4-9374-A37569CFA678}.Debug|x64.Build.0 = Debug|Any CPU
		{33087363-BE46-44B4-9374-A37569CFA678}.Debug|x86.ActiveCfg = Debug|Any CPU
		{33087363-BE46-44B4-9374-A37569CFA678}.Debug|x86.Build.0 = Debug|Any CPU
		{33087363-BE46-44B4-9374-A37569CFA678}.Release|ARM64.ActiveCfg = Release|Any CPU
		{33087363-BE46-44B4-9374-A37569CFA678}.Release|ARM64.Build.0 = Release|Any CPU
		{33087363-BE46-44B4-9374-A37569CFA678}.Release|x64.ActiveCfg = Release|Any CPU
		{33087363-BE46-44B4-9374-A37569CFA678}.Release|x64.Build.0 = Release|Any CPU
		{33087363-BE46-44B4-9374-A37569CFA678}.Release|x86.ActiveCfg = Release|Any CPU
		{33087363-BE46-44B4-9374-A37569CFA678}.Release|x86.Build.0 = Release|Any CPU
	EndGlobalSection
	GlobalSection(SolutionProperties) = preSolution
		HideSolutionNode = FALSE
	EndGlobalSection
	GlobalSection(ExtensibilityGlobals) = postSolution
		SolutionGuid = {DB01EE9D-2753-4D47-B33A-EC9F77B5189C}
	EndGlobalSection
EndGlobal
